
Microsoft Visual Studio Solution File, Format Version 12.00
# Visual Studio 15
VisualStudioVersion = 15.0.28307.271
MinimumVisualStudioVersion = 10.0.40219.1
Project("{FAE04EC0-301F-11D3-BF4B-00C04F79EFBC}") = "Senai.InLock.DatabaseFisrt.Solution", "Senai.InLock.DatabaseFisrt.Solution\Senai.InLock.DatabaseFisrt.Solution.csproj", "{EEB49E3A-230D-4B8F-B411-447AC41F4AAA}"
EndProject
Global
	GlobalSection(SolutionConfigurationPlatforms) = preSolution
		Debug|Any CPU = Debug|Any CPU
		Release|Any CPU = Release|Any CPU
	EndGlobalSection
	GlobalSection(ProjectConfigurationPlatforms) = postSolution
		{EEB49E3A-230D-4B8F-B411-447AC41F4AAA}.Debug|Any CPU.ActiveCfg = Debug|Any CPU
		{EEB49E3A-230D-4B8F-B411-447AC41F4AAA}.Debug|Any CPU.Build.0 = Debug|Any CPU
		{EEB49E3A-230D-4B8F-B411-447AC41F4AAA}.Release|Any CPU.ActiveCfg = Release|Any CPU
		{EEB49E3A-230D-4B8F-B411-447AC41F4AAA}.Release|Any CPU.Build.0 = Release|Any CPU
	EndGlobalSection
	GlobalSection(SolutionProperties) = preSolution
		HideSolutionNode = FALSE
	EndGlobalSection
	GlobalSection(ExtensibilityGlobals) = postSolution
		SolutionGuid = {6241C818-231A-453B-83A7-400433F96913}
	EndGlobalSection
EndGlobal
