
Microsoft Visual Studio Solution File, Format Version 12.00
# Visual Studio Version 16
VisualStudioVersion = 16.0.28803.452
MinimumVisualStudioVersion = 10.0.40219.1
Project("{9A19103F-16F7-4668-BE54-9A1E7A4F7556}") = "Standard.InLock", "Standard.InLock\Standard.InLock.csproj", "{127C25D9-7BEF-43F4-AC71-C78AFE2FF52D}"
EndProject
Global
	GlobalSection(SolutionConfigurationPlatforms) = preSolution
		Debug|Any CPU = Debug|Any CPU
		Release|Any CPU = Release|Any CPU
	EndGlobalSection
	GlobalSection(ProjectConfigurationPlatforms) = postSolution
		{127C25D9-7BEF-43F4-AC71-C78AFE2FF52D}.Debug|Any CPU.ActiveCfg = Debug|Any CPU
		{127C25D9-7BEF-43F4-AC71-C78AFE2FF52D}.Debug|Any CPU.Build.0 = Debug|Any CPU
		{127C25D9-7BEF-43F4-AC71-C78AFE2FF52D}.Release|Any CPU.ActiveCfg = Release|Any CPU
		{127C25D9-7BEF-43F4-AC71-C78AFE2FF52D}.Release|Any CPU.Build.0 = Release|Any CPU
	EndGlobalSection
	GlobalSection(SolutionProperties) = preSolution
		HideSolutionNode = FALSE
	EndGlobalSection
	GlobalSection(ExtensibilityGlobals) = postSolution
		SolutionGuid = {7F2D47D4-B93A-41F0-B10D-93A17D285F3A}
	EndGlobalSection
EndGlobal
