
Microsoft Visual Studio Solution File, Format Version 12.00
# Visual Studio Version 16
VisualStudioVersion = 16.0.28803.452
MinimumVisualStudioVersion = 10.0.40219.1
Project("{9A19103F-16F7-4668-BE54-9A1E7A4F7556}") = "DatabaseFirst.InLock", "DatabaseFirst.InLock\DatabaseFirst.InLock.csproj", "{EEB49E3A-230D-4B8F-B411-447AC41F4AAA}"
EndProject
Global
	GlobalSection(SolutionConfigurationPlatforms) = preSolution
		Debug|Any CPU = Debug|Any CPU
		Release|Any CPU = Release|Any CPU
	EndGlobalSection
	GlobalSection(ProjectConfigurationPlatforms) = postSolution
		{EEB49E3A-230D-4B8F-B411-447AC41F4AAA}.Debug|Any CPU.ActiveCfg = Debug|Any CPU
		{EEB49E3A-230D-4B8F-B411-447AC41F4AAA}.Debug|Any CPU.Build.0 = Debug|Any CPU
		{EEB49E3A-230D-4B8F-B411-447AC41F4AAA}.Release|Any CPU.ActiveCfg = Release|Any CPU
		{EEB49E3A-230D-4B8F-B411-447AC41F4AAA}.Release|Any CPU.Build.0 = Release|Any CPU
	EndGlobalSection
	GlobalSection(SolutionProperties) = preSolution
		HideSolutionNode = FALSE
	EndGlobalSection
	GlobalSection(ExtensibilityGlobals) = postSolution
		SolutionGuid = {6241C818-231A-453B-83A7-400433F96913}
	EndGlobalSection
EndGlobal
